lockfileVersion: '9.0'

settings:
  autoInstallPeers: true
  excludeLinksFromLockfile: false

importers:

  .:
    dependencies:
      axios:
        specifier: ^1.7.9
        version: 1.19.0
      blessed:
        specifier: ^0.1.81
        version: 0.1.81
      blessed-contrib:
        specifier: ^4.11.0
        version: 4.11.0
      chalk:
        specifier: ^5.4.1
        version: 5.6.2

packages:

  '@colors/colors@1.5.0':
    resolution: {integrity: sha1-u1BFecHK6SPmV2pPXaQ9Jfl729k=, tarball: https://ms-feed-17.pkgs.visualstudio.com/1es-public/_packaging/npm-public/npm/registry/@colors/colors/-/colors-1.5.0.tgz}
    engines: {node: '>=0.1.90'}

  abbrev@1.1.1:
    resolution: {integrity: sha1-+PLIh60Qv2f2NPAFtph/7TF5qsg=, tarball: https://ms-feed-25.pkgs.visualstudio.com/1es-public/_packaging/npm-public/npm/registry/abbrev/-/abbrev-1.1.1.tgz}

  agent-base@6.0.2:
    resolution: {integrity: sha1-Sf/1hXfP7j83F2/qtMIuAPhtf3c=, tarball: https://ms-feed-12.pkgs.visualstudio.com/1es-public/_packaging/npm-public/npm/registry/agent-base/-/agent-base-6.0.2.tgz}
    engines: {node: '>= 6.0.0'}

  ansi-escapes@6.2.1:
    resolution: {integrity: sha1-dsVM6bCB2tOazsS11TN3kTgl+w8=, tarball: https://ms-feed-12.pkgs.visualstudio.com/1es-public/_packaging/npm-public/npm/registry/ansi-escapes/-/ansi-escapes-6.2.1.tgz}
    engines: {node: '>=14.16'}

  ansi-regex@2.1.1:
    resolution: {integrity: sha1-w7M6te42DYbg5ijwRorn7yfWVN8=, tarball: https://ms-feed-2.pkgs.visualstudio.com/1es-public/_packaging/npm-public/npm/registry/ansi-regex/-/ansi-regex-2.1.1.tgz}
    engines: {node: '>=0.10.0'}

  ansi-regex@5.0.1:
    resolution: {integrity: sha1-CCyyyJyf6GWaMRpTvWpNxTAdswQ=, tarball: https://ms-feed-2.pkgs.visualstudio.com/1es-public/_packaging/npm-public/npm/registry/ansi-regex/-/ansi-regex-5.0.1.tgz}
    engines: {node: '>=8'}

  ansi-styles@2.2.1:
    resolution: {integrity: sha1-tDLdM1i2NM914eRmQ2gkBTPB3b4=, tarball: https://ms-feed-12.pkgs.visualstudio.com/1es-public/_packaging/npm-public/npm/registry/ansi-styles/-/ansi-styles-2.2.1.tgz}
    engines: {node: '>=0.10.0'}

  ansi-term@0.0.2:
    resolution: {integrity: sha1-/XU++kvq2g6smZgbxSo/b/AZ3rc=, tarball: https://ms-feed-25.pkgs.visualstudio.com/1es-public/_packaging/npm-public/npm/registry/ansi-term/-/ansi-term-0.0.2.tgz}

  ansicolors@0.3.2:
    resolution: {integrity: sha1-ZlWX3oap/+Oqm/vmyuXG6kJrSXk=, tarball: https://ms-feed-2.pkgs.visualstudio.com/1es-public/_packaging/npm-public/npm/registry/ansicolors/-/ansicolors-0.3.2.tgz}

  asynckit@0.4.0:
    resolution: {integrity: sha1-x57Zf380y48robyXkLzDZkdLS3k=, tarball: https://ms-feed-2.pkgs.visualstudio.com/1es-public/_packaging/npm-public/npm/registry/asynckit/-/asynckit-0.4.0.tgz}

  axios@1.19.0:
    resolution: {integrity: sha1-3fhk1MgjPA5oc3RqtZNhU30FrTk=, tarball: https://ms-feed-17.pkgs.visualstudio.com/1es-public/_packaging/npm-public/npm/registry/axios/-/axios-1.19.0.tgz}

  blessed-contrib@4.11.0:
    resolution: {integrity: sha1-Sl+hAaXrJMiEhektAdS/l/HDgL8=, tarball: https://ms-feed-17.pkgs.visualstudio.com/1es-public/_packaging/npm-public/npm/registry/blessed-contrib/-/blessed-contrib-4.11.0.tgz}

  blessed@0.1.81:
    resolution: {integrity: sha1-+WLWh+wsNpVwrnGvhDJW5tDKESk=, tarball: https://ms-feed-25.pkgs.visualstudio.com/1es-public/_packaging/npm-public/npm/registry/blessed/-/blessed-0.1.81.tgz}
    engines: {node: '>= 0.8.0'}
    hasBin: true

  bresenham@0.0.3:
    resolution: {integrity: sha1-q9q55bGU4nx1fNMU2ERDFPKZh3o=, tarball: https://ms-feed-12.pkgs.visualstudio.com/1es-public/_packaging/npm-public/npm/registry/bresenham/-/bresenham-0.0.3.tgz}

  buffers@0.1.1:
    resolution: {integrity: sha1-skV5w77U1tOWru5tmorn9Ugqt7s=, tarball: https://ms-feed-17.pkgs.visualstudio.com/1es-public/_packaging/npm-public/npm/registry/buffers/-/buffers-0.1.1.tgz}
    engines: {node: '>=0.2.0'}

  call-bind-apply-helpers@1.0.2:
    resolution: {integrity: sha1-S1QowiK+mF15w9gmV0edvgtZstY=, tarball: https://ms-feed-2.pkgs.visualstudio.com/1es-public/_packaging/npm-public/npm/registry/call-bind-apply-helpers/-/call-bind-apply-helpers-1.0.2.tgz}
    engines: {node: '>= 0.4'}

  cardinal@2.1.1:
    resolution: {integrity: sha1-fMEFXYItISlU0HsIXeolHMe8VQU=, tarball: https://ms-feed-2.pkgs.visualstudio.com/1es-public/_packaging/npm-public/npm/registry/cardinal/-/cardinal-2.1.1.tgz}
    hasBin: true

  chalk@1.1.3:
    resolution: {integrity: sha1-qBFcVeSnAv5NFQq9OHKCKn4J/Jg=, tarball: https://ms-feed-25.pkgs.visualstudio.com/1es-public/_packaging/npm-public/npm/registry/chalk/-/chalk-1.1.3.tgz}
    engines: {node: '>=0.10.0'}

  chalk@5.6.2:
    resolution: {integrity: sha1-sSOLbiPqM3r3HH+KKV21rwwViuo=, tarball: https://ms-feed-25.pkgs.visualstudio.com/1es-public/_packaging/npm-public/npm/registry/chalk/-/chalk-5.6.2.tgz}
    engines: {node: ^12.17.0 || ^14.13 || >=16.0.0}

  charm@0.1.2:
    resolution: {integrity: sha1-BsIe7RobBq62dVPNxT4jJ0usIpY=, tarball: https://ms-feed-12.pkgs.visualstudio.com/1es-public/_packaging/npm-public/npm/registry/charm/-/charm-0.1.2.tgz}

  cli-table3@0.6.5:
    resolution: {integrity: sha1-ATuRNRdic5wWqVZ8IaBGMuRJvy8=, tarball: https://ms-feed-17.pkgs.visualstudio.com/1es-public/_packaging/npm-public/npm/registry/cli-table3/-/cli-table3-0.6.5.tgz}
    engines: {node: 10.* || >= 12.*}

  combined-stream@1.0.8:
    resolution: {integrity: sha1-w9RaizT9cwYxoRCoolIGgrMdWn8=, tarball: https://ms-feed-2.pkgs.visualstudio.com/1es-public/_packaging/npm-public/npm/registry/combined-stream/-/combined-stream-1.0.8.tgz}
    engines: {node: '>= 0.8'}

  core-util-is@1.0.3:
    resolution: {integrity: sha1-pgQtNjTCsn6TKPg3uWX6yDgI24U=, tarball: https://ms-feed-2.pkgs.visualstudio.com/1es-public/_packaging/npm-public/npm/registry/core-util-is/-/core-util-is-1.0.3.tgz}

  debug@4.4.3:
    resolution: {integrity: sha1-xq5DLZvZZiWC/OCHCbA4xY6ePWo=, tarball: https://ms-feed-17.pkgs.visualstudio.com/1es-public/_packaging/npm-public/npm/registry/debug/-/debug-4.4.3.tgz}
    engines: {node: '>=6.0'}
    peerDependencies:
      supports-color: '*'
    peerDependenciesMeta:
      supports-color:
        optional: true

  delayed-stream@1.0.0:
    resolution: {integrity: sha1-3zrhmayt+31ECqrgsp4icrJOxhk=, tarball: https://ms-feed-25.pkgs.visualstudio.com/1es-public/_packaging/npm-public/npm/registry/delayed-stream/-/delayed-stream-1.0.0.tgz}
    engines: {node: '>=0.4.0'}

  drawille-blessed-contrib@1.0.0:
    resolution: {integrity: sha1-FcJ5NPV6AFatE1luFWFje8lB8Lc=, tarball: https://ms-feed-2.pkgs.visualstudio.com/1es-public/_packaging/npm-public/npm/registry/drawille-blessed-contrib/-/drawille-blessed-contrib-1.0.0.tgz}

  drawille-canvas-blessed-contrib@0.1.3:
    resolution: {integrity: sha1-IS8HinIr/S7MJn6oarbd3BCB/Ug=, tarball: https://ms-feed-25.pkgs.visualstudio.com/1es-public/_packaging/npm-public/npm/registry/drawille-canvas-blessed-contrib/-/drawille-canvas-blessed-contrib-0.1.3.tgz}

  dunder-proto@1.0.1:
    resolution: {integrity: sha1-165mfh3INIL4tw/Q9u78UNow9Yo=, tarball: https://ms-feed-25.pkgs.visualstudio.com/1es-public/_packaging/npm-public/npm/registry/dunder-proto/-/dunder-proto-1.0.1.tgz}
    engines: {node: '>= 0.4'}

  emoji-regex@8.0.0:
    resolution: {integrity: sha1-6Bj9ac5cz8tARZT4QpY79TFkzDc=, tarball: https://ms-feed-2.pkgs.visualstudio.com/1es-public/_packaging/npm-public/npm/registry/emoji-regex/-/emoji-regex-8.0.0.tgz}

  es-define-property@1.0.1:
    resolution: {integrity: sha1-mD6y+aZyTpMD9hrd8BHHLgngsPo=, tarball: https://ms-feed-2.pkgs.visualstudio.com/1es-public/_packaging/npm-public/npm/registry/es-define-property/-/es-define-property-1.0.1.tgz}
    engines: {node: '>= 0.4'}

  es-errors@1.3.0:
    resolution: {integrity: sha1-BfdaJdq5jk+x3NXhRywFRtUFfI8=, tarball: https://ms-feed-17.pkgs.visualstudio.com/1es-public/_packaging/npm-public/npm/registry/es-errors/-/es-errors-1.3.0.tgz}
    engines: {node: '>= 0.4'}

  es-object-atoms@1.1.2:
    resolution: {integrity: sha1-otCzcyBXJN+lJdI7DD4bHKWCyZs=, tarball: https://ms-feed-12.pkgs.visualstudio.com/1es-public/_packaging/npm-public/npm/registry/es-object-atoms/-/es-object-atoms-1.1.2.tgz}
    engines: {node: '>= 0.4'}

  es-set-tostringtag@2.1.0:
    resolution: {integrity: sha1-8x274MGDsAptJutjJcgQwP0YvU0=, tarball: https://ms-feed-2.pkgs.visualstudio.com/1es-public/_packaging/npm-public/npm/registry/es-set-tostringtag/-/es-set-tostringtag-2.1.0.tgz}
    engines: {node: '>= 0.4'}

  escape-string-regexp@1.0.5:
    resolution: {integrity: sha1-G2HAViGQqN/2rjuyzwIAyhMLhtQ=, tarball: https://ms-feed-17.pkgs.visualstudio.com/1es-public/_packaging/npm-public/npm/registry/escape-string-regexp/-/escape-string-regexp-1.0.5.tgz}
    engines: {node: '>=0.8.0'}

  esprima@4.0.1:
    resolution: {integrity: sha1-E7BM2z5sXRnfkatph6hpVhmwqnE=, tarball: https://ms-feed-12.pkgs.visualstudio.com/1es-public/_packaging/npm-public/npm/registry/esprima/-/esprima-4.0.1.tgz}
    engines: {node: '>=4'}
    hasBin: true

  event-stream@0.9.8:
    resolution: {integrity: sha1-XanPPHkAl1mJ21powo5bPJjr4Do=, tarball: https://ms-feed-2.pkgs.visualstudio.com/1es-public/_packaging/npm-public/npm/registry/event-stream/-/event-stream-0.9.8.tgz}

  follow-redirects@1.16.0:
    resolution: {integrity: sha1-KEdKFZ07nRHvYgUKFO1g5N9tYbw=, tarball: https://ms-feed-2.pkgs.visualstudio.com/1es-public/_packaging/npm-public/npm/registry/follow-redirects/-/follow-redirects-1.16.0.tgz}
    engines: {node: '>=4.0'}
    peerDependencies:
      debug: '*'
    peerDependenciesMeta:
      debug:
        optional: true

  form-data@4.0.6:
    resolution: {integrity: sha1-KOhk4beG2+u2jbH0UvljUnhmWCc=, tarball: https://ms-feed-2.pkgs.visualstudio.com/1es-public/_packaging/npm-public/npm/registry/form-data/-/form-data-4.0.6.tgz}
    engines: {node: '>= 6'}

  function-bind@1.1.2:
    resolution: {integrity: sha1-LALYZNl/PqbIgwxGTL0Rq26rehw=, tarball: https://ms-feed-25.pkgs.visualstudio.com/1es-public/_packaging/npm-public/npm/registry/function-bind/-/function-bind-1.1.2.tgz}

  get-intrinsic@1.3.0:
    resolution: {integrity: sha1-dD8OO2lkqTpUke0b/6rgVNf5jQE=, tarball: https://ms-feed-17.pkgs.visualstudio.com/1es-public/_packaging/npm-public/npm/registry/get-intrinsic/-/get-intrinsic-1.3.0.tgz}
    engines: {node: '>= 0.4'}

  get-proto@1.0.1:
    resolution: {integrity: sha1-FQs/J0OGnvPoUewMSdFbHRTQDuE=, tarball: https://ms-feed-12.pkgs.visualstudio.com/1es-public/_packaging/npm-public/npm/registry/get-proto/-/get-proto-1.0.1.tgz}
    engines: {node: '>= 0.4'}

  gl-matrix@2.8.1:
    resolution: {integrity: sha1-HHhzRI6sYdLNJYA6B06De9QlgaM=, tarball: https://ms-feed-2.pkgs.visualstudio.com/1es-public/_packaging/npm-public/npm/registry/gl-matrix/-/gl-matrix-2.8.1.tgz}

  gopd@1.2.0:
    resolution: {integrity: sha1-ifVrghe9vIgCvSmd9tfxCB1+UaE=, tarball: https://ms-feed-2.pkgs.visualstudio.com/1es-public/_packaging/npm-public/npm/registry/gopd/-/gopd-1.2.0.tgz}
    engines: {node: '>= 0.4'}

  has-ansi@2.0.0:
    resolution: {integrity: sha1-NPUEnOHs3ysGSa8+8k5F7TVBbZE=, tarball: https://ms-feed-2.pkgs.visualstudio.com/1es-public/_packaging/npm-public/npm/registry/has-ansi/-/has-ansi-2.0.0.tgz}
    engines: {node: '>=0.10.0'}

  has-flag@4.0.0:
    resolution: {integrity: sha1-lEdx/ZyByBJlxNaUGGDaBrtZR5s=, tarball: https://ms-feed-12.pkgs.visualstudio.com/1es-public/_packaging/npm-public/npm/registry/has-flag/-/has-flag-4.0.0.tgz}
    engines: {node: '>=8'}

  has-symbols@1.1.0:
    resolution: {integrity: sha1-/JxqeDoISVHQuXH+EBjegTcHozg=, tarball: https://ms-feed-25.pkgs.visualstudio.com/1es-public/_packaging/npm-public/npm/registry/has-symbols/-/has-symbols-1.1.0.tgz}
    engines: {node: '>= 0.4'}

  has-tostringtag@1.0.2:
    resolution: {integrity: sha1-LNxC1AvvLltO6rfAGnPFTOerWrw=, tarball: https://ms-feed-25.pkgs.visualstudio.com/1es-public/_packaging/npm-public/npm/registry/has-tostringtag/-/has-tostringtag-1.0.2.tgz}
    engines: {node: '>= 0.4'}

  hasown@2.0.4:
    resolution: {integrity: sha1-jGLYy5C+sqrV0KW2dYGtmFTD8AM=, tarball: https://ms-feed-2.pkgs.visualstudio.com/1es-public/_packaging/npm-public/npm/registry/hasown/-/hasown-2.0.4.tgz}
    engines: {node: '>= 0.4'}

  here@0.0.2:
    resolution: {integrity: sha1-acGvPwISHz2HiOAuhNyLOQXXEZU=, tarball: https://ms-feed-17.pkgs.visualstudio.com/1es-public/_packaging/npm-public/npm/registry/here/-/here-0.0.2.tgz}

  https-proxy-agent@5.0.1:
    resolution: {integrity: sha1-xZ7yJKBP6LdU89sAY6Jeow0ABdY=, tarball: https://ms-feed-25.pkgs.visualstudio.com/1es-public/_packaging/npm-public/npm/registry/https-proxy-agent/-/https-proxy-agent-5.0.1.tgz}
    engines: {node: '>= 6'}

  inherits@2.0.4:
    resolution: {integrity: sha1-D6LGT5MpF8NDOg3tVTY6rjdBa3w=, tarball: https://ms-feed-2.pkgs.visualstudio.com/1es-public/_packaging/npm-public/npm/registry/inherits/-/inherits-2.0.4.tgz}

  is-fullwidth-code-point@3.0.0:
    resolution: {integrity: sha1-8Rb4Bk/pCz94RKOJl8C3UFEmnx0=, tarball: https://ms-feed-12.pkgs.visualstudio.com/1es-public/_packaging/npm-public/npm/registry/is-fullwidth-code-point/-/is-fullwidth-code-point-3.0.0.tgz}
    engines: {node: '>=8'}

  isarray@0.0.1:
    resolution: {integrity: sha1-ihis/Kmo9Bd+Cav8YDiTmwXR7t8=, tarball: https://ms-feed-25.pkgs.visualstudio.com/1es-public/_packaging/npm-public/npm/registry/isarray/-/isarray-0.0.1.tgz}

  lodash@4.17.23:
    resolution: {integrity: sha1-8ROwN4OGEDvk9okziMc9C95/LFo=, tarball: https://ms-feed-12.pkgs.visualstudio.com/1es-public/_packaging/npm-public/npm/registry/lodash/-/lodash-4.17.23.tgz}

  map-canvas@0.1.5:
    resolution: {integrity: sha1-i+a63gvz6fmotW6INqHR0TPKsYY=, tarball: https://ms-feed-25.pkgs.visualstudio.com/1es-public/_packaging/npm-public/npm/registry/map-canvas/-/map-canvas-0.1.5.tgz}

  marked-terminal@5.2.0:
    resolution: {integrity: sha1-xTcOwrriT7KzThR7cxyU+pM1WdM=, tarball: https://ms-feed-2.pkgs.visualstudio.com/1es-public/_packaging/npm-public/npm/registry/marked-terminal/-/marked-terminal-5.2.0.tgz}
    engines: {node: '>=14.13.1 || >=16.0.0'}
    peerDependencies:
      marked: ^1.0.0 || ^2.0.0 || ^3.0.0 || ^4.0.0 || ^5.0.0

  marked@4.3.0:
    resolution: {integrity: sha1-eWNighsBn3NAVFggOLEWSBtFbPM=, tarball: https://ms-feed-25.pkgs.visualstudio.com/1es-public/_packaging/npm-public/npm/registry/marked/-/marked-4.3.0.tgz}
    engines: {node: '>= 12'}
    hasBin: true

  math-intrinsics@1.1.0:
    resolution: {integrity: sha1-oN10voHiqlwvJ+Zc4oNgXuTit/k=, tarball: https://ms-feed-17.pkgs.visualstudio.com/1es-public/_packaging/npm-public/npm/registry/math-intrinsics/-/math-intrinsics-1.1.0.tgz}
    engines: {node: '>= 0.4'}

  memory-streams@0.1.3:
    resolution: {integrity: sha1-2bABe0uH8dkvVfJ0XJyqyx3JPOs=, tarball: https://ms-feed-2.pkgs.visualstudio.com/1es-public/_packaging/npm-public/npm/registry/memory-streams/-/memory-streams-0.1.3.tgz}

  memorystream@0.3.1:
    resolution: {integrity: sha1-htcJCzDORV1j+64S3aUaR93K+bI=, tarball: https://ms-feed-25.pkgs.visualstudio.com/1es-public/_packaging/npm-public/npm/registry/memorystream/-/memorystream-0.3.1.tgz}
    engines: {node: '>= 0.10.0'}

  mime-db@1.52.0:
    resolution: {integrity: sha1-u6vNwChZ9JhzAchW4zh85exDv3A=, tarball: https://ms-feed-25.pkgs.visualstudio.com/1es-public/_packaging/npm-public/npm/registry/mime-db/-/mime-db-1.52.0.tgz}
    engines: {node: '>= 0.6'}

  mime-types@2.1.35:
    resolution: {integrity: sha1-OBqHG2KnNEUGYK497uRIE/cNlZo=, tarball: https://ms-feed-2.pkgs.visualstudio.com/1es-public/_packaging/npm-public/npm/registry/mime-types/-/mime-types-2.1.35.tgz}
    engines: {node: '>= 0.6'}

  ms@2.1.3:
    resolution: {integrity: sha1-V0yBOM4dK1hh8LRFedut1gxmFbI=, tarball: https://ms-feed-2.pkgs.visualstudio.com/1es-public/_packaging/npm-public/npm/registry/ms/-/ms-2.1.3.tgz}

  node-emoji@1.11.0:
    resolution: {integrity: sha1-aaAVDmlG4vEV6dfqTfeXHiYoMBw=, tarball: https://ms-feed-17.pkgs.visualstudio.com/1es-public/_packaging/npm-public/npm/registry/node-emoji/-/node-emoji-1.11.0.tgz}

  nopt@2.1.2:
    resolution: {integrity: sha1-bMzZd7gBMqB3MdbozljCyDA8+a8=, tarball: https://ms-feed-12.pkgs.visualstudio.com/1es-public/_packaging/npm-public/npm/registry/nopt/-/nopt-2.1.2.tgz}
    hasBin: true

  optimist@0.2.8:
    resolution: {integrity: sha1-6YGrfiaLRXlIWTtVZ0wJmoFcrDE=, tarball: https://ms-feed-25.pkgs.visualstudio.com/1es-public/_packaging/npm-public/npm/registry/optimist/-/optimist-0.2.8.tgz}

  optimist@0.3.7:
    resolution: {integrity: sha1-yQlBrVnkJzMokjB00s8ufLxuwNk=, tarball: https://ms-feed-25.pkgs.visualstudio.com/1es-public/_packaging/npm-public/npm/registry/optimist/-/optimist-0.3.7.tgz}

  picture-tuber@1.0.2:
    resolution: {integrity: sha1-L28CSogvvSiGnQt4qNGrRZUObL8=, tarball: https://ms-feed-17.pkgs.visualstudio.com/1es-public/_packaging/npm-public/npm/registry/picture-tuber/-/picture-tuber-1.0.2.tgz}
    engines: {node: '>=0.4.0'}
    hasBin: true

  png-js@0.1.1:
    resolution: {integrity: sha1-HMfCEjA6yr50Jj7DrHgAlYAkLZM=, tarball: https://ms-feed-12.pkgs.visualstudio.com/1es-public/_packaging/npm-public/npm/registry/png-js/-/png-js-0.1.1.tgz}

  proxy-from-env@2.1.0:
    resolution: {integrity: sha1-p0h1aK2tV3z6qn6IxJyrOrMIGro=, tarball: https://ms-feed-12.pkgs.visualstudio.com/1es-public/_packaging/npm-public/npm/registry/proxy-from-env/-/proxy-from-env-2.1.0.tgz}
    engines: {node: '>=10'}

  readable-stream@1.0.34:
    resolution: {integrity: sha1-Elgg40vIQtLyqq+v5MKRbuMsFXw=, tarball: https://ms-feed-25.pkgs.visualstudio.com/1es-public/_packaging/npm-public/npm/registry/readable-stream/-/readable-stream-1.0.34.tgz}

  redeyed@2.1.1:
    resolution: {integrity: sha1-iYS1gV2ZyyIEacme7v/jiRPmzAs=, tarball: https://ms-feed-2.pkgs.visualstudio.com/1es-public/_packaging/npm-public/npm/registry/redeyed/-/redeyed-2.1.1.tgz}

  sax@1.6.1:
    resolution: {integrity: sha1-TCPPYIwLaTq1S0tYiOks/pd7mEM=, tarball: https://ms-feed-12.pkgs.visualstudio.com/1es-public/_packaging/npm-public/npm/registry/sax/-/sax-1.6.1.tgz}
    engines: {node: '>=11.0.0'}

  sparkline@0.1.2:
    resolution: {integrity: sha1-w73kYlKxNU5xDEsgDVSBa9nwejI=, tarball: https://ms-feed-2.pkgs.visualstudio.com/1es-public/_packaging/npm-public/npm/registry/sparkline/-/sparkline-0.1.2.tgz}
    engines: {node: '>= 0.8.0'}
    hasBin: true

  string-width@4.2.3:
    resolution: {integrity: sha1-JpxxF9J7Ba0uU2gwqOyJXvnG0BA=, tarball: https://ms-feed-12.pkgs.visualstudio.com/1es-public/_packaging/npm-public/npm/registry/string-width/-/string-width-4.2.3.tgz}
    engines: {node: '>=8'}

  string_decoder@0.10.31:
    resolution: {integrity: sha1-YuIDvEF2bGwoyfyEMB2rHFMQ+pQ=, tarball: https://ms-feed-17.pkgs.visualstudio.com/1es-public/_packaging/npm-public/npm/registry/string_decoder/-/string_decoder-0.10.31.tgz}

  strip-ansi@3.0.1:
    resolution: {integrity: sha1-ajhfuIU9lS1f8F0Oiq+UJ43GPc8=, tarball: https://ms-feed-17.pkgs.visualstudio.com/1es-public/_packaging/npm-public/npm/registry/strip-ansi/-/strip-ansi-3.0.1.tgz}
    engines: {node: '>=0.10.0'}

  strip-ansi@6.0.1:
    resolution: {integrity: sha1-nibGPTD1NEPpSJSVshBdN7Z6hdk=, tarball: https://ms-feed-17.pkgs.visualstudio.com/1es-public/_packaging/npm-public/npm/registry/strip-ansi/-/strip-ansi-6.0.1.tgz}
    engines: {node: '>=8'}

  supports-color@2.0.0:
    resolution: {integrity: sha1-U10EXOa2Nj+kARcIRimZXp3zJMc=, tarball: https://ms-feed-2.pkgs.visualstudio.com/1es-public/_packaging/npm-public/npm/registry/supports-color/-/supports-color-2.0.0.tgz}
    engines: {node: '>=0.8.0'}

  supports-color@7.2.0:
    resolution: {integrity: sha1-G33NyzK4E4gBs+R4umpRyqiWSNo=, tarball: https://ms-feed-2.pkgs.visualstudio.com/1es-public/_packaging/npm-public/npm/registry/supports-color/-/supports-color-7.2.0.tgz}
    engines: {node: '>=8'}

  supports-hyperlinks@2.3.0:
    resolution: {integrity: sha1-OUNUQ0fB/5CxXv+wP8FK5F7BBiQ=, tarball: https://ms-feed-12.pkgs.visualstudio.com/1es-public/_packaging/npm-public/npm/registry/supports-hyperlinks/-/supports-hyperlinks-2.3.0.tgz}
    engines: {node: '>=8'}

  term-canvas@0.0.5:
    resolution: {integrity: sha1-WXr6wvpjaabxeGC86cX2bW6gypY=, tarball: https://ms-feed-2.pkgs.visualstudio.com/1es-public/_packaging/npm-public/npm/registry/term-canvas/-/term-canvas-0.0.5.tgz}

  wordwrap@0.0.3:
    resolution: {integrity: sha1-o9XabNXAvAAI03I0u68b7WMFkQc=, tarball: https://ms-feed-12.pkgs.visualstudio.com/1es-public/_packaging/npm-public/npm/registry/wordwrap/-/wordwrap-0.0.3.tgz}
    engines: {node: '>=0.4.0'}

  x256@0.0.2:
    resolution: {integrity: sha1-ya8Yh296F1gB1WT+cK2egxd4STQ=, tarball: https://ms-feed-2.pkgs.visualstudio.com/1es-public/_packaging/npm-public/npm/registry/x256/-/x256-0.0.2.tgz}
    engines: {node: '>=0.4.0'}

  xml2js@0.4.23:
    resolution: {integrity: sha1-oMaVFnUkIesqx1juTUzPWIQ+rGY=, tarball: https://ms-feed-25.pkgs.visualstudio.com/1es-public/_packaging/npm-public/npm/registry/xml2js/-/xml2js-0.4.23.tgz}
    engines: {node: '>=4.0.0'}

  xmlbuilder@11.0.1:
    resolution: {integrity: sha1-vpuuHIoEbnazESdyY0fQrXACvrM=, tarball: https://ms-feed-25.pkgs.visualstudio.com/1es-public/_packaging/npm-public/npm/registry/xmlbuilder/-/xmlbuilder-11.0.1.tgz}
    engines: {node: '>=4.0'}

snapshots:

  '@colors/colors@1.5.0':
    optional: true

  abbrev@1.1.1: {}

  agent-base@6.0.2:
    dependencies:
      debug: 4.4.3
    transitivePeerDependencies:
      - supports-color

  ansi-escapes@6.2.1: {}

  ansi-regex@2.1.1: {}

  ansi-regex@5.0.1: {}

  ansi-styles@2.2.1: {}

  ansi-term@0.0.2:
    dependencies:
      x256: 0.0.2

  ansicolors@0.3.2: {}

  asynckit@0.4.0: {}

  axios@1.19.0:
    dependencies:
      follow-redirects: 1.16.0
      form-data: 4.0.6
      https-proxy-agent: 5.0.1
      proxy-from-env: 2.1.0
    transitivePeerDependencies:
      - debug
      - supports-color

  blessed-contrib@4.11.0:
    dependencies:
      ansi-term: 0.0.2
      chalk: 1.1.3
      drawille-canvas-blessed-contrib: 0.1.3
      lodash: 4.17.23
      map-canvas: 0.1.5
      marked: 4.3.0
      marked-terminal: 5.2.0(marked@4.3.0)
      memory-streams: 0.1.3
      memorystream: 0.3.1
      picture-tuber: 1.0.2
      sparkline: 0.1.2
      strip-ansi: 3.0.1
      term-canvas: 0.0.5
      x256: 0.0.2

  blessed@0.1.81: {}

  bresenham@0.0.3: {}

  buffers@0.1.1: {}

  call-bind-apply-helpers@1.0.2:
    dependencies:
      es-errors: 1.3.0
      function-bind: 1.1.2

  cardinal@2.1.1:
    dependencies:
      ansicolors: 0.3.2
      redeyed: 2.1.1

  chalk@1.1.3:
    dependencies:
      ansi-styles: 2.2.1
      escape-string-regexp: 1.0.5
      has-ansi: 2.0.0
      strip-ansi: 3.0.1
      supports-color: 2.0.0

  chalk@5.6.2: {}

  charm@0.1.2: {}

  cli-table3@0.6.5:
    dependencies:
      string-width: 4.2.3
    optionalDependencies:
      '@colors/colors': 1.5.0

  combined-stream@1.0.8:
    dependencies:
      delayed-stream: 1.0.0

  core-util-is@1.0.3: {}

  debug@4.4.3:
    dependencies:
      ms: 2.1.3

  delayed-stream@1.0.0: {}

  drawille-blessed-contrib@1.0.0: {}

  drawille-canvas-blessed-contrib@0.1.3:
    dependencies:
      ansi-term: 0.0.2
      bresenham: 0.0.3
      drawille-blessed-contrib: 1.0.0
      gl-matrix: 2.8.1
      x256: 0.0.2

  dunder-proto@1.0.1:
    dependencies:
      call-bind-apply-helpers: 1.0.2
      es-errors: 1.3.0
      gopd: 1.2.0

  emoji-regex@8.0.0: {}

  es-define-property@1.0.1: {}

  es-errors@1.3.0: {}

  es-object-atoms@1.1.2:
    dependencies:
      es-errors: 1.3.0

  es-set-tostringtag@2.1.0:
    dependencies:
      es-errors: 1.3.0
      get-intrinsic: 1.3.0
      has-tostringtag: 1.0.2
      hasown: 2.0.4

  escape-string-regexp@1.0.5: {}

  esprima@4.0.1: {}

  event-stream@0.9.8:
    dependencies:
      optimist: 0.2.8

  follow-redirects@1.16.0: {}

  form-data@4.0.6:
    dependencies:
      asynckit: 0.4.0
      combined-stream: 1.0.8
      es-set-tostringtag: 2.1.0
      hasown: 2.0.4
      mime-types: 2.1.35

  function-bind@1.1.2: {}

  get-intrinsic@1.3.0:
    dependencies:
      call-bind-apply-helpers: 1.0.2
      es-define-property: 1.0.1
      es-errors: 1.3.0
      es-object-atoms: 1.1.2
      function-bind: 1.1.2
      get-proto: 1.0.1
      gopd: 1.2.0
      has-symbols: 1.1.0
      hasown: 2.0.4
      math-intrinsics: 1.1.0

  get-proto@1.0.1:
    dependencies:
      dunder-proto: 1.0.1
      es-object-atoms: 1.1.2

  gl-matrix@2.8.1: {}

  gopd@1.2.0: {}

  has-ansi@2.0.0:
    dependencies:
      ansi-regex: 2.1.1

  has-flag@4.0.0: {}

  has-symbols@1.1.0: {}

  has-tostringtag@1.0.2:
    dependencies:
      has-symbols: 1.1.0

  hasown@2.0.4:
    dependencies:
      function-bind: 1.1.2

  here@0.0.2: {}

  https-proxy-agent@5.0.1:
    dependencies:
      agent-base: 6.0.2
      debug: 4.4.3
    transitivePeerDependencies:
      - supports-color

  inherits@2.0.4: {}

  is-fullwidth-code-point@3.0.0: {}

  isarray@0.0.1: {}

  lodash@4.17.23: {}

  map-canvas@0.1.5:
    dependencies:
      drawille-canvas-blessed-contrib: 0.1.3
      xml2js: 0.4.23

  marked-terminal@5.2.0(marked@4.3.0):
    dependencies:
      ansi-escapes: 6.2.1
      cardinal: 2.1.1
      chalk: 5.6.2
      cli-table3: 0.6.5
      marked: 4.3.0
      node-emoji: 1.11.0
      supports-hyperlinks: 2.3.0

  marked@4.3.0: {}

  math-intrinsics@1.1.0: {}

  memory-streams@0.1.3:
    dependencies:
      readable-stream: 1.0.34

  memorystream@0.3.1: {}

  mime-db@1.52.0: {}

  mime-types@2.1.35:
    dependencies:
      mime-db: 1.52.0

  ms@2.1.3: {}

  node-emoji@1.11.0:
    dependencies:
      lodash: 4.17.23

  nopt@2.1.2:
    dependencies:
      abbrev: 1.1.1

  optimist@0.2.8:
    dependencies:
      wordwrap: 0.0.3

  optimist@0.3.7:
    dependencies:
      wordwrap: 0.0.3

  picture-tuber@1.0.2:
    dependencies:
      buffers: 0.1.1
      charm: 0.1.2
      event-stream: 0.9.8
      optimist: 0.3.7
      png-js: 0.1.1
      x256: 0.0.2

  png-js@0.1.1: {}

  proxy-from-env@2.1.0: {}

  readable-stream@1.0.34:
    dependencies:
      core-util-is: 1.0.3
      inherits: 2.0.4
      isarray: 0.0.1
      string_decoder: 0.10.31

  redeyed@2.1.1:
    dependencies:
      esprima: 4.0.1

  sax@1.6.1: {}

  sparkline@0.1.2:
    dependencies:
      here: 0.0.2
      nopt: 2.1.2

  string-width@4.2.3:
    dependencies:
      emoji-regex: 8.0.0
      is-fullwidth-code-point: 3.0.0
      strip-ansi: 6.0.1

  string_decoder@0.10.31: {}

  strip-ansi@3.0.1:
    dependencies:
      ansi-regex: 2.1.1

  strip-ansi@6.0.1:
    dependencies:
      ansi-regex: 5.0.1

  supports-color@2.0.0: {}

  supports-color@7.2.0:
    dependencies:
      has-flag: 4.0.0

  supports-hyperlinks@2.3.0:
    dependencies:
      has-flag: 4.0.0
      supports-color: 7.2.0

  term-canvas@0.0.5: {}

  wordwrap@0.0.3: {}

  x256@0.0.2: {}

  xml2js@0.4.23:
    dependencies:
      sax: 1.6.1
      xmlbuilder: 11.0.1

  xmlbuilder@11.0.1: {}
